
Microsoft Visual Studio Solution File, Format Version 12.00
# Visual Studio 15
VisualStudioVersion = 15.0.26430.16
MinimumVisualStudioVersion = 10.0.40219.1
Project("{FAE04EC0-301F-11D3-BF4B-00C04F79EFBC}") = "Zadaca1", "Zadaca1\Zadaca1.csproj", "{8B234435-2EFC-43F8-AA0D-4CAD5CE044CD}"
EndProject
Global
	GlobalSection(SolutionConfigurationPlatforms) = preSolution
		Debug|Any CPU = Debug|Any CPU
		Release|Any CPU = Release|Any CPU
	EndGlobalSection
	GlobalSection(ProjectConfigurationPlatforms) = postSolution
		{8B234435-2EFC-43F8-AA0D-4CAD5CE044CD}.Debug|Any CPU.ActiveCfg = Debug|Any CPU
		{8B234435-2EFC-43F8-AA0D-4CAD5CE044CD}.Debug|Any CPU.Build.0 = Debug|Any CPU
		{8B234435-2EFC-43F8-AA0D-4CAD5CE044CD}.Release|Any CPU.ActiveCfg = Release|Any CPU
		{8B234435-2EFC-43F8-AA0D-4CAD5CE044CD}.Release|Any CPU.Build.0 = Release|Any CPU
	EndGlobalSection
	GlobalSection(SolutionProperties) = preSolution
		HideSolutionNode = FALSE
	EndGlobalSection
EndGlobal
